<?xml version="1.0" encoding="utf-8"?>
<Project ToolsVersion="4.0" xmlns="http://schemas.microsoft.com/developer/msbuild/2003">
  <ItemGroup>
    <ClInclude Include="..\..\..\..\src\pke\unittest\cryptolayertests.h" />
    <ClInclude Include="..\..\..\..\test\include\gtest\gtest.h" />
  </ItemGroup>
  <ItemGroup>
    <ClCompile Include="..\..\..\..\src\pke\unittest\Main_TestAll.cpp" />
    <ClCompile Include="..\..\..\..\src\pke\unittest\UnitTestBatching.cpp" />
    <ClCompile Include="..\..\..\..\src\pke\unittest\UnitTestBVDCRT.cpp" />
    <ClCompile Include="..\..\..\..\src\pke\unittest\UnitTestENCRYPT.cpp" />
    <ClCompile Include="..\..\..\..\src\pke\unittest\UnitTestFV.cpp" />
    <ClCompile Include="..\..\..\..\src\pke\unittest\UnitTestPRE.cpp" />
    <ClCompile Include="..\..\..\..\src\pke\unittest\UnitTestSHE.cpp" />
    <ClCompile Include="..\..\..\..\src\pke\unittest\UnitTestSHEAdvanced.cpp" />
    <ClCompile Include="..\..\..\..\src\pke\unittest\UnitTestStatisticalEval.cpp" />
    <ClCompile Include="..\..\..\..\test\include\gtest\gtest-all.cc" />
    <ClCompile Include="..\..\..\..\src\pke\unittest\UnitTestMultiparty.cpp" />
    <ClCompile Include="..\..\..\..\src\pke\unittest\UnitTestSerialize.cpp" />
    <ClCompile Include="..\..\..\..\src\pke\unittest\UnitTestAutomorphism.cpp" />
    <ClCompile Include="..\..\..\..\src\pke\unittest\UnitTestEvalSum.cpp" />
    <ClCompile Include="..\..\..\..\src\pke\unittest\UnitTestEvalInnerProduct.cpp" />
    <ClCompile Include="..\..\..\..\src\pke\unittest\UnitTestEvalCrossCorrelation.cpp" />
    <ClCompile Include="..\..\..\..\src\pke\unittest\UnitTestEvalLinearRegression.cpp" />
  </ItemGroup>
</Project>