<?xml version="1.0" encoding="utf-8"?>
<Project ToolsVersion="4.0" xmlns="http://schemas.microsoft.com/developer/msbuild/2003">
  <ItemGroup>
    <ClCompile Include="..\..\..\..\src\core\unittest\Main_TestAll.cpp" />
    <ClCompile Include="..\..\..\..\src\core\unittest\UnitTestBinInt.cpp" />
    <ClCompile Include="..\..\..\..\src\core\unittest\UnitTestBinVect.cpp" />
    <ClCompile Include="..\..\..\..\src\core\unittest\UnitTestDistrGen.cpp" />
    <ClCompile Include="..\..\..\..\src\core\unittest\UnitTestField2n.cpp" />
    <ClCompile Include="..\..\..\..\src\core\unittest\UnitTestLatticeElements.cpp" />
    <ClCompile Include="..\..\..\..\src\core\unittest\UnitTestMatrix.cpp" />
    <ClCompile Include="..\..\..\..\src\core\unittest\UnitTestMubint.cpp" />
    <ClCompile Include="..\..\..\..\src\core\unittest\UnitTestMubintvec.cpp" />
    <ClCompile Include="..\..\..\..\src\core\unittest\UnitTestNative64.cpp" />
    <ClCompile Include="..\..\..\..\src\core\unittest\UnitTestNbTheory.cpp" />
    <ClCompile Include="..\..\..\..\src\core\unittest\UnitTestNTT.cpp" />
    <ClCompile Include="..\..\..\..\src\core\unittest\UnitTestSerialize.cpp" />
    <ClCompile Include="..\..\..\..\src\core\unittest\UnitTestTransform.cpp" />
    <ClCompile Include="..\..\..\..\src\core\unittest\UnitTestUbint.cpp" />
    <ClCompile Include="..\..\..\..\src\core\unittest\UnitTestUbintvec.cpp" />
    <ClCompile Include="..\..\..\..\test\include\gtest\gtest-all.cc" />
  </ItemGroup>
  <ItemGroup>
    <ClInclude Include="..\..\..\..\test\include\gtest\gtest.h" />
  </ItemGroup>
</Project>