
Microsoft Visual Studio Solution File, Format Version 12.00
# Visual Studio 14
VisualStudioVersion = 14.0.25420.1
MinimumVisualStudioVersion = 10.0.40219.1
Project("{8BC9CEB8-8B4A-11D0-8D11-00A0C91BC942}") = "core", "core\core.vcxproj", "{AE8DEB8D-DE67-43B9-A36B-DB1CE7517D8C}"
EndProject
Project("{8BC9CEB8-8B4A-11D0-8D11-00A0C91BC942}") = "pke", "pke\pke.vcxproj", "{12A98BA2-2426-476D-9B25-FBA1A2639FD6}"
	ProjectSection(ProjectDependencies) = postProject
		{AE8DEB8D-DE67-43B9-A36B-DB1CE7517D8C} = {AE8DEB8D-DE67-43B9-A36B-DB1CE7517D8C}
	EndProjectSection
EndProject
Project("{8BC9CEB8-8B4A-11D0-8D11-00A0C91BC942}") = "demo", "palisade\palisade.vcxproj", "{8B37B026-4AE8-4D03-9D87-8DA23B04CACF}"
	ProjectSection(ProjectDependencies) = postProject
		{AE8DEB8D-DE67-43B9-A36B-DB1CE7517D8C} = {AE8DEB8D-DE67-43B9-A36B-DB1CE7517D8C}
		{12A98BA2-2426-476D-9B25-FBA1A2639FD6} = {12A98BA2-2426-476D-9B25-FBA1A2639FD6}
	EndProjectSection
EndProject
Project("{8BC9CEB8-8B4A-11D0-8D11-00A0C91BC942}") = "test-core", "test-core\test-core.vcxproj", "{F8BEC174-289E-4F24-8879-5F52E13F13AE}"
EndProject
Project("{8BC9CEB8-8B4A-11D0-8D11-00A0C91BC942}") = "test-pke", "test-pke\test-pke.vcxproj", "{AABC5163-D975-47DF-ADFE-DD00F0E17045}"
EndProject
Project("{8BC9CEB8-8B4A-11D0-8D11-00A0C91BC942}") = "test-all", "test-all\test-all.vcxproj", "{070EA5FE-DF19-4361-975A-803A2BD49112}"
EndProject
Global
	GlobalSection(SolutionConfigurationPlatforms) = preSolution
		Debug|x64 = Debug|x64
		Debug|x86 = Debug|x86
		Release|x64 = Release|x64
		Release|x86 = Release|x86
	EndGlobalSection
	GlobalSection(ProjectConfigurationPlatforms) = postSolution
		{AE8DEB8D-DE67-43B9-A36B-DB1CE7517D8C}.Debug|x64.ActiveCfg = Debug|x64
		{AE8DEB8D-DE67-43B9-A36B-DB1CE7517D8C}.Debug|x64.Build.0 = Debug|x64
		{AE8DEB8D-DE67-43B9-A36B-DB1CE7517D8C}.Debug|x86.ActiveCfg = Release|x64
		{AE8DEB8D-DE67-43B9-A36B-DB1CE7517D8C}.Debug|x86.Build.0 = Release|x64
		{AE8DEB8D-DE67-43B9-A36B-DB1CE7517D8C}.Release|x64.ActiveCfg = Release|x64
		{AE8DEB8D-DE67-43B9-A36B-DB1CE7517D8C}.Release|x64.Build.0 = Release|x64
		{AE8DEB8D-DE67-43B9-A36B-DB1CE7517D8C}.Release|x86.ActiveCfg = Release|x64
		{AE8DEB8D-DE67-43B9-A36B-DB1CE7517D8C}.Release|x86.Build.0 = Release|x64
		{12A98BA2-2426-476D-9B25-FBA1A2639FD6}.Debug|x64.ActiveCfg = Debug|x64
		{12A98BA2-2426-476D-9B25-FBA1A2639FD6}.Debug|x64.Build.0 = Debug|x64
		{12A98BA2-2426-476D-9B25-FBA1A2639FD6}.Debug|x86.ActiveCfg = Release|x64
		{12A98BA2-2426-476D-9B25-FBA1A2639FD6}.Debug|x86.Build.0 = Release|x64
		{12A98BA2-2426-476D-9B25-FBA1A2639FD6}.Release|x64.ActiveCfg = Release|x64
		{12A98BA2-2426-476D-9B25-FBA1A2639FD6}.Release|x64.Build.0 = Release|x64
		{12A98BA2-2426-476D-9B25-FBA1A2639FD6}.Release|x86.ActiveCfg = Release|x64
		{12A98BA2-2426-476D-9B25-FBA1A2639FD6}.Release|x86.Build.0 = Release|x64
		{8B37B026-4AE8-4D03-9D87-8DA23B04CACF}.Debug|x64.ActiveCfg = Debug|x64
		{8B37B026-4AE8-4D03-9D87-8DA23B04CACF}.Debug|x64.Build.0 = Debug|x64
		{8B37B026-4AE8-4D03-9D87-8DA23B04CACF}.Debug|x86.ActiveCfg = Release|x64
		{8B37B026-4AE8-4D03-9D87-8DA23B04CACF}.Debug|x86.Build.0 = Release|x64
		{8B37B026-4AE8-4D03-9D87-8DA23B04CACF}.Release|x64.ActiveCfg = Release|x64
		{8B37B026-4AE8-4D03-9D87-8DA23B04CACF}.Release|x64.Build.0 = Release|x64
		{8B37B026-4AE8-4D03-9D87-8DA23B04CACF}.Release|x86.ActiveCfg = Release|x64
		{8B37B026-4AE8-4D03-9D87-8DA23B04CACF}.Release|x86.Build.0 = Release|x64
		{F8BEC174-289E-4F24-8879-5F52E13F13AE}.Debug|x64.ActiveCfg = Debug|x64
		{F8BEC174-289E-4F24-8879-5F52E13F13AE}.Debug|x64.Build.0 = Debug|x64
		{F8BEC174-289E-4F24-8879-5F52E13F13AE}.Debug|x86.ActiveCfg = Release|x64
		{F8BEC174-289E-4F24-8879-5F52E13F13AE}.Debug|x86.Build.0 = Release|x64
		{F8BEC174-289E-4F24-8879-5F52E13F13AE}.Release|x64.ActiveCfg = Release|x64
		{F8BEC174-289E-4F24-8879-5F52E13F13AE}.Release|x64.Build.0 = Release|x64
		{F8BEC174-289E-4F24-8879-5F52E13F13AE}.Release|x86.ActiveCfg = Release|x64
		{F8BEC174-289E-4F24-8879-5F52E13F13AE}.Release|x86.Build.0 = Release|x64
		{AABC5163-D975-47DF-ADFE-DD00F0E17045}.Debug|x64.ActiveCfg = Debug|x64
		{AABC5163-D975-47DF-ADFE-DD00F0E17045}.Debug|x64.Build.0 = Debug|x64
		{AABC5163-D975-47DF-ADFE-DD00F0E17045}.Debug|x86.ActiveCfg = Release|x64
		{AABC5163-D975-47DF-ADFE-DD00F0E17045}.Debug|x86.Build.0 = Release|x64
		{AABC5163-D975-47DF-ADFE-DD00F0E17045}.Release|x64.ActiveCfg = Release|x64
		{AABC5163-D975-47DF-ADFE-DD00F0E17045}.Release|x64.Build.0 = Release|x64
		{AABC5163-D975-47DF-ADFE-DD00F0E17045}.Release|x86.ActiveCfg = Release|x64
		{AABC5163-D975-47DF-ADFE-DD00F0E17045}.Release|x86.Build.0 = Release|x64
		{070EA5FE-DF19-4361-975A-803A2BD49112}.Debug|x64.ActiveCfg = Debug|x64
		{070EA5FE-DF19-4361-975A-803A2BD49112}.Debug|x64.Build.0 = Debug|x64
		{070EA5FE-DF19-4361-975A-803A2BD49112}.Debug|x86.ActiveCfg = Release|x64
		{070EA5FE-DF19-4361-975A-803A2BD49112}.Debug|x86.Build.0 = Release|x64
		{070EA5FE-DF19-4361-975A-803A2BD49112}.Release|x64.ActiveCfg = Release|x64
		{070EA5FE-DF19-4361-975A-803A2BD49112}.Release|x64.Build.0 = Release|x64
		{070EA5FE-DF19-4361-975A-803A2BD49112}.Release|x86.ActiveCfg = Release|x64
		{070EA5FE-DF19-4361-975A-803A2BD49112}.Release|x86.Build.0 = Release|x64
	EndGlobalSection
	GlobalSection(SolutionProperties) = preSolution
		HideSolutionNode = FALSE
	EndGlobalSection
EndGlobal
